
Microsoft Visual Studio Solution File, Format Version 12.00
# Visual Studio Version 17
VisualStudioVersion = 17.11.35312.102
MinimumVisualStudioVersion = 10.0.40219.1
Project("{9A19103F-16F7-4668-BE54-9A1E7A4F7556}") = "WebApp", "WebApp\WebApp.csproj", "{4312263F-D4F4-4769-9E6A-CE933204E8C9}"
EndProject
Project("{9A19103F-16F7-4668-BE54-9A1E7A4F7556}") = "ClassLibraryDal", "ClassLibraryDal\ClassLibraryDal.csproj", "{96D58633-5DA5-49F0-AEA9-FD2EC5C3DBE8}"
EndProject
Project("{9A19103F-16F7-4668-BE54-9A1E7A4F7556}") = "ClassLibraryModel", "ClassLibraryModel\ClassLibraryModel.csproj", "{2D67FB41-5910-4A77-BC13-F3E5E14AE8BB}"
EndProject
Global
	GlobalSection(SolutionConfigurationPlatforms) = preSolution
		Debug|Any CPU = Debug|Any CPU
		Release|Any CPU = Release|Any CPU
	EndGlobalSection
	GlobalSection(ProjectConfigurationPlatforms) = postSolution
		{4312263F-D4F4-4769-9E6A-CE933204E8C9}.Debug|Any CPU.ActiveCfg = Debug|Any CPU
		{4312263F-D4F4-4769-9E6A-CE933204E8C9}.Debug|Any CPU.Build.0 = Debug|Any CPU
		{4312263F-D4F4-4769-9E6A-CE933204E8C9}.Release|Any CPU.ActiveCfg = Release|Any CPU
		{4312263F-D4F4-4769-9E6A-CE933204E8C9}.Release|Any CPU.Build.0 = Release|Any CPU
		{96D58633-5DA5-49F0-AEA9-FD2EC5C3DBE8}.Debug|Any CPU.ActiveCfg = Debug|Any CPU
		{96D58633-5DA5-49F0-AEA9-FD2EC5C3DBE8}.Debug|Any CPU.Build.0 = Debug|Any CPU
		{96D58633-5DA5-49F0-AEA9-FD2EC5C3DBE8}.Release|Any CPU.ActiveCfg = Release|Any CPU
		{96D58633-5DA5-49F0-AEA9-FD2EC5C3DBE8}.Release|Any CPU.Build.0 = Release|Any CPU
		{2D67FB41-5910-4A77-BC13-F3E5E14AE8BB}.Debug|Any CPU.ActiveCfg = Debug|Any CPU
		{2D67FB41-5910-4A77-BC13-F3E5E14AE8BB}.Debug|Any CPU.Build.0 = Debug|Any CPU
		{2D67FB41-5910-4A77-BC13-F3E5E14AE8BB}.Release|Any CPU.ActiveCfg = Release|Any CPU
		{2D67FB41-5910-4A77-BC13-F3E5E14AE8BB}.Release|Any CPU.Build.0 = Release|Any CPU
	EndGlobalSection
	GlobalSection(SolutionProperties) = preSolution
		HideSolutionNode = FALSE
	EndGlobalSection
	GlobalSection(ExtensibilityGlobals) = postSolution
		SolutionGuid = {E80ED8EA-7DC9-427E-8C57-41EAA17A4958}
	EndGlobalSection
EndGlobal
